// !$*UTF8*$!
{
	archiveVersion = 1;
	classes = {
	};
	objectVersion = 46;
	objects = {

/* Begin PBXBuildFile section */
		A616E9791D9BC56C00EF2317 /* login_startup.png in Resources */ = {isa = PBXBuildFile; fileRef = A616E9781D9BC56C00EF2317 /* login_startup.png */; };
		A616E97C1D9BC9BC00EF2317 /* RootCell.m in Sources */ = {isa = PBXBuildFile; fileRef = A616E97B1D9BC9BC00EF2317 /* RootCell.m */; };
		A68438521D92C6FB003E3EB0 /* main.m in Sources */ = {isa = PBXBuildFile; fileRef = A68438511D92C6FB003E3EB0 /* main.m */; };
		A68438551D92C6FB003E3EB0 /* AppDelegate.m in Sources */ = {isa = PBXBuildFile; fileRef = A68438541D92C6FB003E3EB0 /* AppDelegate.m */; };
		A684385B1D92C6FB003E3EB0 /* Main.storyboard in Resources */ = {isa = PBXBuildFile; fileRef = A68438591D92C6FB003E3EB0 /* Main.storyboard */; };
		A684385D1D92C6FB003E3EB0 /* Assets.xcassets in Resources */ = {isa = PBXBuildFile; fileRef = A684385C1D92C6FB003E3EB0 /* Assets.xcassets */; };
		A68438601D92C6FB003E3EB0 /* LaunchScreen.storyboard in Resources */ = {isa = PBXBuildFile; fileRef = A684385E1D92C6FB003E3EB0 /* LaunchScreen.storyboard */; };
		A68B28DC1D92C9C700EA3067 /* RootVC.m in Sources */ = {isa = PBXBuildFile; fileRef = A68B28DB1D92C9C700EA3067 /* RootVC.m */; };
		A691DFFE1D9510760027D36B /* WMYDownloadManager.m in Sources */ = {isa = PBXBuildFile; fileRef = A691DFFD1D9510760027D36B /* WMYDownloadManager.m */; };
		A691E0011D952D640027D36B /* NSFileManager+WMYDownLoadFileConfig.m in Sources */ = {isa = PBXBuildFile; fileRef = A691E0001D952D640027D36B /* NSFileManager+WMYDownLoadFileConfig.m */; };
		A691E0041D952D700027D36B /* WMYDownModel.m in Sources */ = {isa = PBXBuildFile; fileRef = A691E0031D952D700027D36B /* WMYDownModel.m */; };
		A691E0071D952D9E0027D36B /* WMYDownloadRequest.m in Sources */ = {isa = PBXBuildFile; fileRef = A691E0061D952D9E0027D36B /* WMYDownloadRequest.m */; };
		A6B845841D98C018007CFF0E /* ListVC.m in Sources */ = {isa = PBXBuildFile; fileRef = A6B845831D98C018007CFF0E /* ListVC.m */; };
		A6B8458B1D990FFE007CFF0E /* ListCell.m in Sources */ = {isa = PBXBuildFile; fileRef = A6B8458A1D990FFE007CFF0E /* ListCell.m */; };
/* End PBXBuildFile section */

/* Begin PBXFileReference section */
		A616E9781D9BC56C00EF2317 /* login_startup.png */ = {isa = PBXFileReference; lastKnownFileType = image.png; path = login_startup.png; sourceTree = "<group>"; };
		A616E97A1D9BC9BC00EF2317 /* RootCell.h */ = {isa = PBXFileReference; fileEncoding = 4; lastKnownFileType = sourcecode.c.h; path = RootCell.h; sourceTree = "<group>"; };
		A616E97B1D9BC9BC00EF2317 /* RootCell.m */ = {isa = PBXFileReference; fileEncoding = 4; lastKnownFileType = sourcecode.c.objc; path = RootCell.m; sourceTree = "<group>"; };
		A684384D1D92C6FB003E3EB0 /* DownLoadDemo.app */ = {isa = PBXFileReference; explicitFileType = wrapper.application; includeInIndex = 0; path = DownLoadDemo.app; sourceTree = BUILT_PRODUCTS_DIR; };
		A68438511D92C6FB003E3EB0 /* main.m */ = {isa = PBXFileReference; lastKnownFileType = sourcecode.c.objc; path = main.m; sourceTree = "<group>"; };
		A68438531D92C6FB003E3EB0 /* AppDelegate.h */ = {isa = PBXFileReference; lastKnownFileType = sourcecode.c.h; path = AppDelegate.h; sourceTree = "<group>"; };
		A68438541D92C6FB003E3EB0 /* AppDelegate.m */ = {isa = PBXFileReference; lastKnownFileType = sourcecode.c.objc; path = AppDelegate.m; sourceTree = "<group>"; };
		A684385A1D92C6FB003E3EB0 /* Base */ = {isa = PBXFileReference; lastKnownFileType = file.storyboard; name = Base; path = Base.lproj/Main.storyboard; sourceTree = "<group>"; };
		A684385C1D92C6FB003E3EB0 /* Assets.xcassets */ = {isa = PBXFileReference; lastKnownFileType = folder.assetcatalog; path = Assets.xcassets; sourceTree = "<group>"; };
		A684385F1D92C6FB003E3EB0 /* Base */ = {isa = PBXFileReference; lastKnownFileType = file.storyboard; name = Base; path = Base.lproj/LaunchScreen.storyboard; sourceTree = "<group>"; };
		A68438611D92C6FB003E3EB0 /* Info.plist */ = {isa = PBXFileReference; lastKnownFileType = text.plist.xml; path = Info.plist; sourceTree = "<group>"; };
		A68B28DA1D92C9C700EA3067 /* RootVC.h */ = {isa = PBXFileReference; fileEncoding = 4; lastKnownFileType = sourcecode.c.h; path = RootVC.h; sourceTree = "<group>"; };
		A68B28DB1D92C9C700EA3067 /* RootVC.m */ = {isa = PBXFileReference; fileEncoding = 4; lastKnownFileType = sourcecode.c.objc; path = RootVC.m; sourceTree = "<group>"; };
		A691DFFC1D9510760027D36B /* WMYDownloadManager.h */ = {isa = PBXFileReference; fileEncoding = 4; lastKnownFileType = sourcecode.c.h; path = WMYDownloadManager.h; sourceTree = "<group>"; };
		A691DFFD1D9510760027D36B /* WMYDownloadManager.m */ = {isa = PBXFileReference; fileEncoding = 4; lastKnownFileType = sourcecode.c.objc; path = WMYDownloadManager.m; sourceTree = "<group>"; };
		A691DFFF1D952D640027D36B /* NSFileManager+WMYDownLoadFileConfig.h */ = {isa = PBXFileReference; fileEncoding = 4; lastKnownFileType = sourcecode.c.h; path = "NSFileManager+WMYDownLoadFileConfig.h"; sourceTree = "<group>"; };
		A691E0001D952D640027D36B /* NSFileManager+WMYDownLoadFileConfig.m */ = {isa = PBXFileReference; fileEncoding = 4; lastKnownFileType = sourcecode.c.objc; path = "NSFileManager+WMYDownLoadFileConfig.m"; sourceTree = "<group>"; };
		A691E0021D952D700027D36B /* WMYDownModel.h */ = {isa = PBXFileReference; fileEncoding = 4; lastKnownFileType = sourcecode.c.h; path = WMYDownModel.h; sourceTree = "<group>"; };
		A691E0031D952D700027D36B /* WMYDownModel.m */ = {isa = PBXFileReference; fileEncoding = 4; lastKnownFileType = sourcecode.c.objc; path = WMYDownModel.m; sourceTree = "<group>"; };
		A691E0051D952D9E0027D36B /* WMYDownloadRequest.h */ = {isa = PBXFileReference; fileEncoding = 4; lastKnownFileType = sourcecode.c.h; path = WMYDownloadRequest.h; sourceTree = "<group>"; };
		A691E0061D952D9E0027D36B /* WMYDownloadRequest.m */ = {isa = PBXFileReference; fileEncoding = 4; lastKnownFileType = sourcecode.c.objc; path = WMYDownloadRequest.m; sourceTree = "<group>"; };
		A6B845821D98C018007CFF0E /* ListVC.h */ = {isa = PBXFileReference; fileEncoding = 4; lastKnownFileType = sourcecode.c.h; path = ListVC.h; sourceTree = "<group>"; };
		A6B845831D98C018007CFF0E /* ListVC.m */ = {isa = PBXFileReference; fileEncoding = 4; lastKnownFileType = sourcecode.c.objc; path = ListVC.m; sourceTree = "<group>"; };
		A6B845891D990FFE007CFF0E /* ListCell.h */ = {isa = PBXFileReference; fileEncoding = 4; lastKnownFileType = sourcecode.c.h; path = ListCell.h; sourceTree = "<group>"; };
		A6B8458A1D990FFE007CFF0E /* ListCell.m */ = {isa = PBXFileReference; fileEncoding = 4; lastKnownFileType = sourcecode.c.objc; path = ListCell.m; sourceTree = "<group>"; };
/* End PBXFileReference section */

/* Begin PBXFrameworksBuildPhase section */
		A684384A1D92C6FB003E3EB0 /* Frameworks */ = {
			isa = PBXFrameworksBuildPhase;
			buildActionMask = 2147483647;
			files = (
			);
			runOnlyForDeploymentPostprocessing = 0;
		};
/* End PBXFrameworksBuildPhase section */

/* Begin PBXGroup section */
		A68438441D92C6FB003E3EB0 = {
			isa = PBXGroup;
			children = (
				A684384F1D92C6FB003E3EB0 /* DownLoadDemo */,
				A684384E1D92C6FB003E3EB0 /* Products */,
			);
			sourceTree = "<group>";
		};
		A684384E1D92C6FB003E3EB0 /* Products */ = {
			isa = PBXGroup;
			children = (
				A684384D1D92C6FB003E3EB0 /* DownLoadDemo.app */,
			);
			name = Products;
			sourceTree = "<group>";
		};
		A684384F1D92C6FB003E3EB0 /* DownLoadDemo */ = {
			isa = PBXGroup;
			children = (
				A691DFEF1D937D6C0027D36B /* Down */,
				A68438531D92C6FB003E3EB0 /* AppDelegate.h */,
				A68438541D92C6FB003E3EB0 /* AppDelegate.m */,
				A68B28DA1D92C9C700EA3067 /* RootVC.h */,
				A68B28DB1D92C9C700EA3067 /* RootVC.m */,
				A616E97A1D9BC9BC00EF2317 /* RootCell.h */,
				A616E97B1D9BC9BC00EF2317 /* RootCell.m */,
				A6B845821D98C018007CFF0E /* ListVC.h */,
				A6B845831D98C018007CFF0E /* ListVC.m */,
				A6B845891D990FFE007CFF0E /* ListCell.h */,
				A6B8458A1D990FFE007CFF0E /* ListCell.m */,
				A68438591D92C6FB003E3EB0 /* Main.storyboard */,
				A684385C1D92C6FB003E3EB0 /* Assets.xcassets */,
				A684385E1D92C6FB003E3EB0 /* LaunchScreen.storyboard */,
				A68438611D92C6FB003E3EB0 /* Info.plist */,
				A68438501D92C6FB003E3EB0 /* Supporting Files */,
			);
			path = DownLoadDemo;
			sourceTree = "<group>";
		};
		A68438501D92C6FB003E3EB0 /* Supporting Files */ = {
			isa = PBXGroup;
			children = (
				A68438511D92C6FB003E3EB0 /* main.m */,
			);
			name = "Supporting Files";
			sourceTree = "<group>";
		};
		A691DFEF1D937D6C0027D36B /* Down */ = {
			isa = PBXGroup;
			children = (
				A691DFFF1D952D640027D36B /* NSFileManager+WMYDownLoadFileConfig.h */,
				A691E0001D952D640027D36B /* NSFileManager+WMYDownLoadFileConfig.m */,
				A691DFFC1D9510760027D36B /* WMYDownloadManager.h */,
				A691DFFD1D9510760027D36B /* WMYDownloadManager.m */,
				A691E0051D952D9E0027D36B /* WMYDownloadRequest.h */,
				A691E0061D952D9E0027D36B /* WMYDownloadRequest.m */,
				A691E0021D952D700027D36B /* WMYDownModel.h */,
				A691E0031D952D700027D36B /* WMYDownModel.m */,
				A616E9781D9BC56C00EF2317 /* login_startup.png */,
			);
			path = Down;
			sourceTree = "<group>";
		};
/* End PBXGroup section */

/* Begin PBXNativeTarget section */
		A684384C1D92C6FB003E3EB0 /* DownLoadDemo */ = {
			isa = PBXNativeTarget;
			buildConfigurationList = A68438641D92C6FB003E3EB0 /* Build configuration list for PBXNativeTarget "DownLoadDemo" */;
			buildPhases = (
				A68438491D92C6FB003E3EB0 /* Sources */,
				A684384A1D92C6FB003E3EB0 /* Frameworks */,
				A684384B1D92C6FB003E3EB0 /* Resources */,
			);
			buildRules = (
			);
			dependencies = (
			);
			name = DownLoadDemo;
			productName = DownLoadDemo;
			productReference = A684384D1D92C6FB003E3EB0 /* DownLoadDemo.app */;
			productType = "com.apple.product-type.application";
		};
/* End PBXNativeTarget section */

/* Begin PBXProject section */
		A68438451D92C6FB003E3EB0 /* Project object */ = {
			isa = PBXProject;
			attributes = {
				LastUpgradeCheck = 0800;
				ORGANIZATIONNAME = "李林凯";
				TargetAttributes = {
					A684384C1D92C6FB003E3EB0 = {
						CreatedOnToolsVersion = 8.0;
						DevelopmentTeam = 44LG9YT6W7;
						ProvisioningStyle = Automatic;
					};
				};
			};
			buildConfigurationList = A68438481D92C6FB003E3EB0 /* Build configuration list for PBXProject "DownLoadDemo" */;
			compatibilityVersion = "Xcode 3.2";
			developmentRegion = English;
			hasScannedForEncodings = 0;
			knownRegions = (
				en,
				Base,
			);
			mainGroup = A68438441D92C6FB003E3EB0;
			productRefGroup = A684384E1D92C6FB003E3EB0 /* Products */;
			projectDirPath = "";
			projectRoot = "";
			targets = (
				A684384C1D92C6FB003E3EB0 /* DownLoadDemo */,
			);
		};
/* End PBXProject section */

/* Begin PBXResourcesBuildPhase section */
		A684384B1D92C6FB003E3EB0 /* Resources */ = {
			isa = PBXResourcesBuildPhase;
			buildActionMask = 2147483647;
			files = (
				A68438601D92C6FB003E3EB0 /* LaunchScreen.storyboard in Resources */,
				A616E9791D9BC56C00EF2317 /* login_startup.png in Resources */,
				A684385D1D92C6FB003E3EB0 /* Assets.xcassets in Resources */,
				A684385B1D92C6FB003E3EB0 /* Main.storyboard in Resources */,
			);
			runOnlyForDeploymentPostprocessing = 0;
		};
/* End PBXResourcesBuildPhase section */

/* Begin PBXSourcesBuildPhase section */
		A68438491D92C6FB003E3EB0 /* Sources */ = {
			isa = PBXSourcesBuildPhase;
			buildActionMask = 2147483647;
			files = (
				A6B845841D98C018007CFF0E /* ListVC.m in Sources */,
				A68B28DC1D92C9C700EA3067 /* RootVC.m in Sources */,
				A691E0071D952D9E0027D36B /* WMYDownloadRequest.m in Sources */,
				A68438551D92C6FB003E3EB0 /* AppDelegate.m in Sources */,
				A68438521D92C6FB003E3EB0 /* main.m in Sources */,
				A691DFFE1D9510760027D36B /* WMYDownloadManager.m in Sources */,
				A691E0011D952D640027D36B /* NSFileManager+WMYDownLoadFileConfig.m in Sources */,
				A6B8458B1D990FFE007CFF0E /* ListCell.m in Sources */,
				A691E0041D952D700027D36B /* WMYDownModel.m in Sources */,
				A616E97C1D9BC9BC00EF2317 /* RootCell.m in Sources */,
			);
			runOnlyForDeploymentPostprocessing = 0;
		};
/* End PBXSourcesBuildPhase section */

/* Begin PBXVariantGroup section */
		A68438591D92C6FB003E3EB0 /* Main.storyboard */ = {
			isa = PBXVariantGroup;
			children = (
				A684385A1D92C6FB003E3EB0 /* Base */,
			);
			name = Main.storyboard;
			sourceTree = "<group>";
		};
		A684385E1D92C6FB003E3EB0 /* LaunchScreen.storyboard */ = {
			isa = PBXVariantGroup;
			children = (
				A684385F1D92C6FB003E3EB0 /* Base */,
			);
			name = LaunchScreen.storyboard;
			sourceTree = "<group>";
		};
/* End PBXVariantGroup section */

/* Begin XCBuildConfiguration section */
		A68438621D92C6FB003E3EB0 /* Debug */ = {
			isa = XCBuildConfiguration;
			buildSettings = {
				ALWAYS_SEARCH_USER_PATHS = NO;
				CLANG_ANALYZER_NONNULL = YES;
				CLANG_CXX_LANGUAGE_STANDARD = "gnu++0x";
				CLANG_CXX_LIBRARY = "libc++";
				CLANG_ENABLE_MODULES = YES;
				CLANG_ENABLE_OBJC_ARC = YES;
				CLANG_WARN_BOOL_CONVERSION = YES;
				CLANG_WARN_CONSTANT_CONVERSION = YES;
				CLANG_WARN_DIRECT_OBJC_ISA_USAGE = YES_ERROR;
				CLANG_WARN_DOCUMENTATION_COMMENTS = YES;
				CLANG_WARN_EMPTY_BODY = YES;
				CLANG_WARN_ENUM_CONVERSION = YES;
				CLANG_WARN_INFINITE_RECURSION = YES;
				CLANG_WARN_INT_CONVERSION = YES;
				CLANG_WARN_OBJC_ROOT_CLASS = YES_ERROR;
				CLANG_WARN_SUSPICIOUS_MOVES = YES;
				CLANG_WARN_UNREACHABLE_CODE = YES;
				CLANG_WARN__DUPLICATE_METHOD_MATCH = YES;
				"CODE_SIGN_IDENTITY[sdk=iphoneos*]" = "iPhone Developer";
				COPY_PHASE_STRIP = NO;
				DEBUG_INFORMATION_FORMAT = dwarf;
				ENABLE_STRICT_OBJC_MSGSEND = YES;
				ENABLE_TESTABILITY = YES;
				GCC_C_LANGUAGE_STANDARD = gnu99;
				GCC_DYNAMIC_NO_PIC = NO;
				GCC_NO_COMMON_BLOCKS = YES;
				GCC_OPTIMIZATION_LEVEL = 0;
				GCC_PREPROCESSOR_DEFINITIONS = (
					"DEBUG=1",
					"$(inherited)",
				);
				GCC_WARN_64_TO_32_BIT_CONVERSION = YES;
				GCC_WARN_ABOUT_RETURN_TYPE = YES_ERROR;
				GCC_WARN_UNDECLARED_SELECTOR = YES;
				GCC_WARN_UNINITIALIZED_AUTOS = YES_AGGRESSIVE;
				GCC_WARN_UNUSED_FUNCTION = YES;
				GCC_WARN_UNUSED_VARIABLE = YES;
				IPHONEOS_DEPLOYMENT_TARGET = 10.0;
				MTL_ENABLE_DEBUG_INFO = YES;
				ONLY_ACTIVE_ARCH = YES;
				SDKROOT = iphoneos;
				TARGETED_DEVICE_FAMILY = "1,2";
			};
			name = Debug;
		};
		A68438631D92C6FB003E3EB0 /* Release */ = {
			isa = XCBuildConfiguration;
			buildSettings = {
				ALWAYS_SEARCH_USER_PATHS = NO;
				CLANG_ANALYZER_NONNULL = YES;
				CLANG_CXX_LANGUAGE_STANDARD = "gnu++0x";
				CLANG_CXX_LIBRARY = "libc++";
				CLANG_ENABLE_MODULES = YES;
				CLANG_ENABLE_OBJC_ARC = YES;
				CLANG_WARN_BOOL_CONVERSION = YES;
				CLANG_WARN_CONSTANT_CONVERSION = YES;
				CLANG_WARN_DIRECT_OBJC_ISA_USAGE = YES_ERROR;
				CLANG_WARN_DOCUMENTATION_COMMENTS = YES;
				CLANG_WARN_EMPTY_BODY = YES;
				CLANG_WARN_ENUM_CONVERSION = YES;
				CLANG_WARN_INFINITE_RECURSION = YES;
				CLANG_WARN_INT_CONVERSION = YES;
				CLANG_WARN_OBJC_ROOT_CLASS = YES_ERROR;
				CLANG_WARN_SUSPICIOUS_MOVES = YES;
				CLANG_WARN_UNREACHABLE_CODE = YES;
				CLANG_WARN__DUPLICATE_METHOD_MATCH = YES;
				"CODE_SIGN_IDENTITY[sdk=iphoneos*]" = "iPhone Developer";
				COPY_PHASE_STRIP = NO;
				DEBUG_INFORMATION_FORMAT = "dwarf-with-dsym";
				ENABLE_NS_ASSERTIONS = NO;
				ENABLE_STRICT_OBJC_MSGSEND = YES;
				GCC_C_LANGUAGE_STANDARD = gnu99;
				GCC_NO_COMMON_BLOCKS = YES;
				GCC_WARN_64_TO_32_BIT_CONVERSION = YES;
				GCC_WARN_ABOUT_RETURN_TYPE = YES_ERROR;
				GCC_WARN_UNDECLARED_SELECTOR = YES;
				GCC_WARN_UNINITIALIZED_AUTOS = YES_AGGRESSIVE;
				GCC_WARN_UNUSED_FUNCTION = YES;
				GCC_WARN_UNUSED_VARIABLE = YES;
				IPHONEOS_DEPLOYMENT_TARGET = 10.0;
				MTL_ENABLE_DEBUG_INFO = NO;
				SDKROOT = iphoneos;
				TARGETED_DEVICE_FAMILY = "1,2";
				VALIDATE_PRODUCT = YES;
			};
			name = Release;
		};
		A68438651D92C6FB003E3EB0 /* Debug */ = {
			isa = XCBuildConfiguration;
			buildSettings = {
				ASSETCATALOG_COMPILER_APPICON_NAME = AppIcon;
				DEVELOPMENT_TEAM = 44LG9YT6W7;
				INFOPLIST_FILE = DownLoadDemo/Info.plist;
				LD_RUNPATH_SEARCH_PATHS = "$(inherited) @executable_path/Frameworks";
				PRODUCT_BUNDLE_IDENTIFIER = lilinkai.DownLoadDemo;
				PRODUCT_NAME = "$(TARGET_NAME)";
			};
			name = Debug;
		};
		A68438661D92C6FB003E3EB0 /* Release */ = {
			isa = XCBuildConfiguration;
			buildSettings = {
				ASSETCATALOG_COMPILER_APPICON_NAME = AppIcon;
				DEVELOPMENT_TEAM = 44LG9YT6W7;
				INFOPLIST_FILE = DownLoadDemo/Info.plist;
				LD_RUNPATH_SEARCH_PATHS = "$(inherited) @executable_path/Frameworks";
				PRODUCT_BUNDLE_IDENTIFIER = lilinkai.DownLoadDemo;
				PRODUCT_NAME = "$(TARGET_NAME)";
			};
			name = Release;
		};
/* End XCBuildConfiguration section */

/* Begin XCConfigurationList section */
		A68438481D92C6FB003E3EB0 /* Build configuration list for PBXProject "DownLoadDemo" */ = {
			isa = XCConfigurationList;
			buildConfigurations = (
				A68438621D92C6FB003E3EB0 /* Debug */,
				A68438631D92C6FB003E3EB0 /* Release */,
			);
			defaultConfigurationIsVisible = 0;
			defaultConfigurationName = Release;
		};
		A68438641D92C6FB003E3EB0 /* Build configuration list for PBXNativeTarget "DownLoadDemo" */ = {
			isa = XCConfigurationList;
			buildConfigurations = (
				A68438651D92C6FB003E3EB0 /* Debug */,
				A68438661D92C6FB003E3EB0 /* Release */,
			);
			defaultConfigurationIsVisible = 0;
			defaultConfigurationName = Release;
		};
/* End XCConfigurationList section */
	};
	rootObject = A68438451D92C6FB003E3EB0 /* Project object */;
}
